// !$*UTF8*$!
{
	archiveVersion = 1;
	classes = {
	};
	objectVersion = 56;
	objects = {

/* Begin PBXBuildFile section */
		7555FF83242A565900829871 /* ContentView.swift in Sources */ = {isa = PBXBuildFile; fileRef = 7555FF82242A565900829871 /* ContentView.swift */; };
		7555FF84242A565900829871 /* iOSApp.swift in Sources */ = {isa = PBXBuildFile; fileRef = 7555FF7F242A565900829871 /* iOSApp.swift */; };
		CF77A72F2F0864DD00881F23 /* SwiftPriceLiveUpdateViewModel.swift in Sources */ = {isa = PBXBuildFile; fileRef = CF77A72E2F0864CA00881F23 /* SwiftPriceLiveUpdateViewModel.swift */; };
		CF77A7312F086F2600881F23 /* PriceLiveUpdateScreenUi.swift in Sources */ = {isa = PBXBuildFile; fileRef = CF77A7302F086F2000881F23 /* PriceLiveUpdateScreenUi.swift */; };
		CF823DEE2EF2CDE700E9467E /* SwiftCoinListViewModel.swift in Sources */ = {isa = PBXBuildFile; fileRef = CF823DED2EF2CDE700E9467E /* SwiftCoinListViewModel.swift */; };
		CF823DF02EF2D4D000E9467E /* ComposeView.swift in Sources */ = {isa = PBXBuildFile; fileRef = CF823DEF2EF2D4D000E9467E /* ComposeView.swift */; };
		CF823DF22EF2D56100E9467E /* CoinListScreenUi.swift in Sources */ = {isa = PBXBuildFile; fileRef = CF823DF12EF2D56100E9467E /* CoinListScreenUi.swift */; };
		CF823DF62EF2D70A00E9467E /* ProgressBarUi.swift in Sources */ = {isa = PBXBuildFile; fileRef = CF823DF52EF2D70A00E9467E /* ProgressBarUi.swift */; };
		CF823DF82EF2D75C00E9467E /* ErrorUi.swift in Sources */ = {isa = PBXBuildFile; fileRef = CF823DF72EF2D75C00E9467E /* ErrorUi.swift */; };
		CF823DFA2EF2DA1000E9467E /* HeaderUi.swift in Sources */ = {isa = PBXBuildFile; fileRef = CF823DF92EF2DA1000E9467E /* HeaderUi.swift */; };
		CF823DFC2EF2DAF500E9467E /* CoinItemUi.swift in Sources */ = {isa = PBXBuildFile; fileRef = CF823DFB2EF2DAF500E9467E /* CoinItemUi.swift */; };
		CF823DFF2EF2DBE100E9467E /* LastUpdateTimeStampUi.swift in Sources */ = {isa = PBXBuildFile; fileRef = CF823DFD2EF2DBE100E9467E /* LastUpdateTimeStampUi.swift */; };
		CF823E002EF2DBE100E9467E /* SortingItemUi.swift in Sources */ = {isa = PBXBuildFile; fileRef = CF823DFE2EF2DBE100E9467E /* SortingItemUi.swift */; };
		CF823E062EF5729600E9467E /* Bundle.swift in Sources */ = {isa = PBXBuildFile; fileRef = CF823E052EF5728F00E9467E /* Bundle.swift */; };
		CF97EEC12EF243E10001CDE3 /* SharedViewModelStoreOwner.swift in Sources */ = {isa = PBXBuildFile; fileRef = CF97EEC02EF243E10001CDE3 /* SharedViewModelStoreOwner.swift */; };
/* End PBXBuildFile section */

/* Begin PBXFileReference section */
		7555FF7B242A565900829871 /* iosApp.app */ = {isa = PBXFileReference; explicitFileType = wrapper.application; includeInIndex = 0; path = iosApp.app; sourceTree = BUILT_PRODUCTS_DIR; };
		7555FF7F242A565900829871 /* iOSApp.swift */ = {isa = PBXFileReference; lastKnownFileType = sourcecode.swift; path = iOSApp.swift; sourceTree = "<group>"; };
		7555FF82242A565900829871 /* ContentView.swift */ = {isa = PBXFileReference; lastKnownFileType = sourcecode.swift; path = ContentView.swift; sourceTree = "<group>"; };
		7555FF8C242A565B00829871 /* Info.plist */ = {isa = PBXFileReference; lastKnownFileType = text.plist.xml; path = Info.plist; sourceTree = "<group>"; };
		CF77A72E2F0864CA00881F23 /* SwiftPriceLiveUpdateViewModel.swift */ = {isa = PBXFileReference; lastKnownFileType = sourcecode.swift; path = SwiftPriceLiveUpdateViewModel.swift; sourceTree = "<group>"; };
		CF77A7302F086F2000881F23 /* PriceLiveUpdateScreenUi.swift */ = {isa = PBXFileReference; lastKnownFileType = sourcecode.swift; path = PriceLiveUpdateScreenUi.swift; sourceTree = "<group>"; };
		CF823DED2EF2CDE700E9467E /* SwiftCoinListViewModel.swift */ = {isa = PBXFileReference; lastKnownFileType = sourcecode.swift; path = SwiftCoinListViewModel.swift; sourceTree = "<group>"; };
		CF823DEF2EF2D4D000E9467E /* ComposeView.swift */ = {isa = PBXFileReference; lastKnownFileType = sourcecode.swift; path = ComposeView.swift; sourceTree = "<group>"; };
		CF823DF12EF2D56100E9467E /* CoinListScreenUi.swift */ = {isa = PBXFileReference; lastKnownFileType = sourcecode.swift; path = CoinListScreenUi.swift; sourceTree = "<group>"; };
		CF823DF52EF2D70A00E9467E /* ProgressBarUi.swift */ = {isa = PBXFileReference; lastKnownFileType = sourcecode.swift; path = ProgressBarUi.swift; sourceTree = "<group>"; };
		CF823DF72EF2D75C00E9467E /* ErrorUi.swift */ = {isa = PBXFileReference; lastKnownFileType = sourcecode.swift; path = ErrorUi.swift; sourceTree = "<group>"; };
		CF823DF92EF2DA1000E9467E /* HeaderUi.swift */ = {isa = PBXFileReference; lastKnownFileType = sourcecode.swift; path = HeaderUi.swift; sourceTree = "<group>"; };
		CF823DFB2EF2DAF500E9467E /* CoinItemUi.swift */ = {isa = PBXFileReference; lastKnownFileType = sourcecode.swift; path = CoinItemUi.swift; sourceTree = "<group>"; };
		CF823DFD2EF2DBE100E9467E /* LastUpdateTimeStampUi.swift */ = {isa = PBXFileReference; lastKnownFileType = sourcecode.swift; path = LastUpdateTimeStampUi.swift; sourceTree = "<group>"; };
		CF823DFE2EF2DBE100E9467E /* SortingItemUi.swift */ = {isa = PBXFileReference; lastKnownFileType = sourcecode.swift; path = SortingItemUi.swift; sourceTree = "<group>"; };
		CF823E052EF5728F00E9467E /* Bundle.swift */ = {isa = PBXFileReference; lastKnownFileType = sourcecode.swift; path = Bundle.swift; sourceTree = "<group>"; };
		CF97EEC02EF243E10001CDE3 /* SharedViewModelStoreOwner.swift */ = {isa = PBXFileReference; lastKnownFileType = sourcecode.swift; path = SharedViewModelStoreOwner.swift; sourceTree = "<group>"; };
/* End PBXFileReference section */

/* Begin PBXFrameworksBuildPhase section */
		7555FF78242A565900829871 /* Frameworks */ = {
			isa = PBXFrameworksBuildPhase;
			buildActionMask = 2147483647;
			files = (
			);
			runOnlyForDeploymentPostprocessing = 0;
		};
/* End PBXFrameworksBuildPhase section */

/* Begin PBXGroup section */
		7555FF72242A565900829871 = {
			isa = PBXGroup;
			children = (
				7555FF7D242A565900829871 /* iosApp */,
				7555FF7C242A565900829871 /* Products */,
			);
			sourceTree = "<group>";
		};
		7555FF7C242A565900829871 /* Products */ = {
			isa = PBXGroup;
			children = (
				7555FF7B242A565900829871 /* iosApp.app */,
			);
			name = Products;
			sourceTree = "<group>";
		};
		7555FF7D242A565900829871 /* iosApp */ = {
			isa = PBXGroup;
			children = (
				CF77A7302F086F2000881F23 /* PriceLiveUpdateScreenUi.swift */,
				CF823DF12EF2D56100E9467E /* CoinListScreenUi.swift */,
				CF77A72E2F0864CA00881F23 /* SwiftPriceLiveUpdateViewModel.swift */,
				CF823E052EF5728F00E9467E /* Bundle.swift */,
				CF823DFD2EF2DBE100E9467E /* LastUpdateTimeStampUi.swift */,
				CF823DFE2EF2DBE100E9467E /* SortingItemUi.swift */,
				CF823DFB2EF2DAF500E9467E /* CoinItemUi.swift */,
				CF823DF92EF2DA1000E9467E /* HeaderUi.swift */,
				CF823DF72EF2D75C00E9467E /* ErrorUi.swift */,
				CF823DF52EF2D70A00E9467E /* ProgressBarUi.swift */,
				CF823DEF2EF2D4D000E9467E /* ComposeView.swift */,
				CF823DED2EF2CDE700E9467E /* SwiftCoinListViewModel.swift */,
				CF97EEC02EF243E10001CDE3 /* SharedViewModelStoreOwner.swift */,
				7555FF7F242A565900829871 /* iOSApp.swift */,
				7555FF82242A565900829871 /* ContentView.swift */,
				7555FF8C242A565B00829871 /* Info.plist */,
			);
			path = iosApp;
			sourceTree = "<group>";
		};
/* End PBXGroup section */

/* Begin PBXNativeTarget section */
		7555FF7A242A565900829871 /* iosApp */ = {
			isa = PBXNativeTarget;
			buildConfigurationList = 7555FFA5242A565B00829871 /* Build configuration list for PBXNativeTarget "iosApp" */;
			buildPhases = (
				7555FFB0242A651A00829871 /* ShellScript */,
				7555FF77242A565900829871 /* Sources */,
				7555FF78242A565900829871 /* Frameworks */,
				7555FF79242A565900829871 /* Resources */,
			);
			buildRules = (
			);
			dependencies = (
			);
			name = iosApp;
			productName = iosApp;
			productReference = 7555FF7B242A565900829871 /* iosApp.app */;
			productType = "com.apple.product-type.application";
		};
/* End PBXNativeTarget section */

/* Begin PBXProject section */
		7555FF73242A565900829871 /* Project object */ = {
			isa = PBXProject;
			attributes = {
				BuildIndependentTargetsInParallel = 1;
				LastSwiftUpdateCheck = 1500;
				LastUpgradeCheck = 1500;
				ORGANIZATIONNAME = Tushar;
				TargetAttributes = {
					7555FF7A242A565900829871 = {
						CreatedOnToolsVersion = 14.1;
					};
				};
			};
			buildConfigurationList = 7555FF76242A565900829871 /* Build configuration list for PBXProject "iosApp" */;
			compatibilityVersion = "Xcode 14.0";
			developmentRegion = en;
			hasScannedForEncodings = 0;
			knownRegions = (
				en,
				Base,
			);
			mainGroup = 7555FF72242A565900829871;
			productRefGroup = 7555FF7C242A565900829871 /* Products */;
			projectDirPath = "";
			projectRoot = "";
			targets = (
				7555FF7A242A565900829871 /* iosApp */,
			);
		};
/* End PBXProject section */

/* Begin PBXResourcesBuildPhase section */
		7555FF79242A565900829871 /* Resources */ = {
			isa = PBXResourcesBuildPhase;
			buildActionMask = 2147483647;
			files = (
			);
			runOnlyForDeploymentPostprocessing = 0;
		};
/* End PBXResourcesBuildPhase section */

/* Begin PBXShellScriptBuildPhase section */
		7555FFB0242A651A00829871 /* ShellScript */ = {
			isa = PBXShellScriptBuildPhase;
			buildActionMask = 2147483647;
			files = (
			);
			inputFileListPaths = (
			);
			inputPaths = (
			);
			outputFileListPaths = (
			);
			outputPaths = (
			);
			runOnlyForDeploymentPostprocessing = 0;
			shellPath = /bin/sh;
			shellScript = "cd \"$SRCROOT/..\"\n./gradlew :shared:embedAndSignAppleFrameworkForXcode\n";
		};
/* End PBXShellScriptBuildPhase section */

/* Begin PBXSourcesBuildPhase section */
		7555FF77242A565900829871 /* Sources */ = {
			isa = PBXSourcesBuildPhase;
			buildActionMask = 2147483647;
			files = (
				CF823DF02EF2D4D000E9467E /* ComposeView.swift in Sources */,
				CF823E062EF5729600E9467E /* Bundle.swift in Sources */,
				CF823DFA2EF2DA1000E9467E /* HeaderUi.swift in Sources */,
				CF97EEC12EF243E10001CDE3 /* SharedViewModelStoreOwner.swift in Sources */,
				CF77A7312F086F2600881F23 /* PriceLiveUpdateScreenUi.swift in Sources */,
				CF823DFF2EF2DBE100E9467E /* LastUpdateTimeStampUi.swift in Sources */,
				CF823E002EF2DBE100E9467E /* SortingItemUi.swift in Sources */,
				CF823DEE2EF2CDE700E9467E /* SwiftCoinListViewModel.swift in Sources */,
				CF823DF22EF2D56100E9467E /* CoinListScreenUi.swift in Sources */,
				CF77A72F2F0864DD00881F23 /* SwiftPriceLiveUpdateViewModel.swift in Sources */,
				7555FF83242A565900829871 /* ContentView.swift in Sources */,
				CF823DFC2EF2DAF500E9467E /* CoinItemUi.swift in Sources */,
				CF823DF62EF2D70A00E9467E /* ProgressBarUi.swift in Sources */,
				CF823DF82EF2D75C00E9467E /* ErrorUi.swift in Sources */,
				7555FF84242A565900829871 /* iOSApp.swift in Sources */,
			);
			runOnlyForDeploymentPostprocessing = 0;
		};
/* End PBXSourcesBuildPhase section */

/* Begin XCBuildConfiguration section */
		7555FFA3242A565B00829871 /* Debug */ = {
			isa = XCBuildConfiguration;
			buildSettings = {
				ALWAYS_SEARCH_USER_PATHS = NO;
				CLANG_ANALYZER_NONNULL = YES;
				CLANG_ANALYZER_NUMBER_OBJECT_CONVERSION = YES_AGGRESSIVE;
				CLANG_CXX_LANGUAGE_STANDARD = "gnu++20";
				CLANG_ENABLE_MODULES = YES;
				CLANG_ENABLE_OBJC_ARC = YES;
				CLANG_ENABLE_OBJC_WEAK = YES;
				CLANG_WARN_BLOCK_CAPTURE_AUTORELEASING = YES;
				CLANG_WARN_BOOL_CONVERSION = YES;
				CLANG_WARN_COMMA = YES;
				CLANG_WARN_CONSTANT_CONVERSION = YES;
				CLANG_WARN_DEPRECATED_OBJC_IMPLEMENTATIONS = YES;
				CLANG_WARN_DIRECT_OBJC_ISA_USAGE = YES_ERROR;
				CLANG_WARN_DOCUMENTATION_COMMENTS = YES;
				CLANG_WARN_EMPTY_BODY = YES;
				CLANG_WARN_ENUM_CONVERSION = YES;
				CLANG_WARN_INFINITE_RECURSION = YES;
				CLANG_WARN_INT_CONVERSION = YES;
				CLANG_WARN_NON_LITERAL_NULL_CONVERSION = YES;
				CLANG_WARN_OBJC_IMPLICIT_RETAIN_SELF = YES;
				CLANG_WARN_OBJC_LITERAL_CONVERSION = YES;
				CLANG_WARN_OBJC_ROOT_CLASS = YES_ERROR;
				CLANG_WARN_QUOTED_INCLUDE_IN_FRAMEWORK_HEADER = YES;
				CLANG_WARN_RANGE_LOOP_ANALYSIS = YES;
				CLANG_WARN_STRICT_PROTOTYPES = YES;
				CLANG_WARN_SUSPICIOUS_MOVE = YES;
				CLANG_WARN_UNGUARDED_AVAILABILITY = YES_AGGRESSIVE;
				CLANG_WARN_UNREACHABLE_CODE = YES;
				CLANG_WARN__DUPLICATE_METHOD_MATCH = YES;
				COPY_PHASE_STRIP = NO;
				DEBUG_INFORMATION_FORMAT = "dwarf-with-dsym";
				ENABLE_STRICT_OBJC_MSGSEND = YES;
				ENABLE_TESTABILITY = YES;
				GCC_C_LANGUAGE_STANDARD = gnu11;
				GCC_DYNAMIC_NO_PIC = NO;
				GCC_NO_COMMON_BLOCKS = YES;
				GCC_OPTIMIZATION_LEVEL = 0;
				GCC_PREPROCESSOR_DEFINITIONS = (
					"DEBUG=1",
					"$(inherited)",
				);
				GCC_WARN_64_TO_32_BIT_CONVERSION = YES;
				GCC_WARN_ABOUT_RETURN_TYPE = YES_ERROR;
				GCC_WARN_UNDECLARED_SELECTOR = YES;
				GCC_WARN_UNINITIALIZED_AUTOS = YES_AGGRESSIVE;
				GCC_WARN_UNUSED_FUNCTION = YES;
				GCC_WARN_UNUSED_VARIABLE = YES;
				IPHONEOS_DEPLOYMENT_TARGET = 14.0;
				MTL_ENABLE_DEBUG_INFO = INCLUDE_SOURCE;
				MTL_FAST_MATH = YES;
				ONLY_ACTIVE_ARCH = YES;
				SDKROOT = iphoneos;
				SWIFT_ACTIVE_COMPILATION_CONDITIONS = DEBUG;
				SWIFT_OPTIMIZATION_LEVEL = "-Onone";
			};
			name = Debug;
		};
		7555FFA4242A565B00829871 /* Release */ = {
			isa = XCBuildConfiguration;
			buildSettings = {
				ALWAYS_SEARCH_USER_PATHS = NO;
				CLANG_ANALYZER_NONNULL = YES;
				CLANG_ANALYZER_NUMBER_OBJECT_CONVERSION = YES_AGGRESSIVE;
				CLANG_CXX_LANGUAGE_STANDARD = "gnu++20";
				CLANG_ENABLE_MODULES = YES;
				CLANG_ENABLE_OBJC_ARC = YES;
				CLANG_ENABLE_OBJC_WEAK = YES;
				CLANG_WARN_BLOCK_CAPTURE_AUTORELEASING = YES;
				CLANG_WARN_BOOL_CONVERSION = YES;
				CLANG_WARN_COMMA = YES;
				CLANG_WARN_CONSTANT_CONVERSION = YES;
				CLANG_WARN_DEPRECATED_OBJC_IMPLEMENTATIONS = YES;
				CLANG_WARN_DIRECT_OBJC_ISA_USAGE = YES_ERROR;
				CLANG_WARN_DOCUMENTATION_COMMENTS = YES;
				CLANG_WARN_EMPTY_BODY = YES;
				CLANG_WARN_ENUM_CONVERSION = YES;
				CLANG_WARN_INFINITE_RECURSION = YES;
				CLANG_WARN_INT_CONVERSION = YES;
				CLANG_WARN_NON_LITERAL_NULL_CONVERSION = YES;
				CLANG_WARN_OBJC_IMPLICIT_RETAIN_SELF = YES;
				CLANG_WARN_OBJC_LITERAL_CONVERSION = YES;
				CLANG_WARN_OBJC_ROOT_CLASS = YES_ERROR;
				CLANG_WARN_QUOTED_INCLUDE_IN_FRAMEWORK_HEADER = YES;
				CLANG_WARN_RANGE_LOOP_ANALYSIS = YES;
				CLANG_WARN_STRICT_PROTOTYPES = YES;
				CLANG_WARN_SUSPICIOUS_MOVE = YES;
				CLANG_WARN_UNGUARDED_AVAILABILITY = YES_AGGRESSIVE;
				CLANG_WARN_UNREACHABLE_CODE = YES;
				CLANG_WARN__DUPLICATE_METHOD_MATCH = YES;
				COPY_PHASE_STRIP = NO;
				DEBUG_INFORMATION_FORMAT = "dwarf-with-dsym";
				ENABLE_NS_ASSERTIONS = NO;
				ENABLE_STRICT_OBJC_MSGSEND = YES;
				GCC_C_LANGUAGE_STANDARD = gnu11;
				GCC_NO_COMMON_BLOCKS = YES;
				GCC_WARN_64_TO_32_BIT_CONVERSION = YES;
				GCC_WARN_ABOUT_RETURN_TYPE = YES_ERROR;
				GCC_WARN_UNDECLARED_SELECTOR = YES;
				GCC_WARN_UNINITIALIZED_AUTOS = YES_AGGRESSIVE;
				GCC_WARN_UNUSED_FUNCTION = YES;
				GCC_WARN_UNUSED_VARIABLE = YES;
				IPHONEOS_DEPLOYMENT_TARGET = 14.0;
				MTL_ENABLE_DEBUG_INFO = NO;
				MTL_FAST_MATH = YES;
				SDKROOT = iphoneos;
				SWIFT_COMPILATION_MODE = wholemodule;
				SWIFT_OPTIMIZATION_LEVEL = "-O";
				VALIDATE_PRODUCT = YES;
			};
			name = Release;
		};
		7555FFA6242A565B00829871 /* Debug */ = {
			isa = XCBuildConfiguration;
			buildSettings = {
				ASSETCATALOG_COMPILER_APPICON_NAME = AppIcon;
				CODE_SIGN_STYLE = Automatic;
				DEVELOPMENT_ASSET_PATHS = "";
				DEVELOPMENT_TEAM = L38A79TKLC;
				ENABLE_PREVIEWS = YES;
				FRAMEWORK_SEARCH_PATHS = (
					"$(inherited)",
					"$(SRCROOT)/../shared/build/xcode-frameworks/$(CONFIGURATION)/$(SDK_NAME)",
				);
				INFOPLIST_FILE = iosApp/Info.plist;
				IPHONEOS_DEPLOYMENT_TARGET = 14.0;
				LD_RUNPATH_SEARCH_PATHS = (
					"$(inherited)",
					"@executable_path/Frameworks",
				);
				OTHER_LDFLAGS = (
					"$(inherited)",
					"-framework",
					shared,
				);
				PRODUCT_BUNDLE_IDENTIFIER = com.tushar.topcoins.ios;
				PRODUCT_NAME = "$(TARGET_NAME)";
				SWIFT_VERSION = 5.0;
				TARGETED_DEVICE_FAMILY = "1,2";
			};
			name = Debug;
		};
		7555FFA7242A565B00829871 /* Release */ = {
			isa = XCBuildConfiguration;
			buildSettings = {
				ASSETCATALOG_COMPILER_APPICON_NAME = AppIcon;
				CODE_SIGN_STYLE = Automatic;
				DEVELOPMENT_ASSET_PATHS = "";
				DEVELOPMENT_TEAM = L38A79TKLC;
				ENABLE_PREVIEWS = YES;
				FRAMEWORK_SEARCH_PATHS = (
					"$(inherited)",
					"$(SRCROOT)/../shared/build/xcode-frameworks/$(CONFIGURATION)/$(SDK_NAME)",
				);
				INFOPLIST_FILE = iosApp/Info.plist;
				IPHONEOS_DEPLOYMENT_TARGET = 14.0;
				LD_RUNPATH_SEARCH_PATHS = (
					"$(inherited)",
					"@executable_path/Frameworks",
				);
				OTHER_LDFLAGS = (
					"$(inherited)",
					"-framework",
					shared,
				);
				PRODUCT_BUNDLE_IDENTIFIER = com.tushar.topcoins.ios;
				PRODUCT_NAME = "$(TARGET_NAME)";
				SWIFT_VERSION = 5.0;
				TARGETED_DEVICE_FAMILY = "1,2";
			};
			name = Release;
		};
/* End XCBuildConfiguration section */

/* Begin XCConfigurationList section */
		7555FF76242A565900829871 /* Build configuration list for PBXProject "iosApp" */ = {
			isa = XCConfigurationList;
			buildConfigurations = (
				7555FFA3242A565B00829871 /* Debug */,
				7555FFA4242A565B00829871 /* Release */,
			);
			defaultConfigurationIsVisible = 0;
			defaultConfigurationName = Release;
		};
		7555FFA5242A565B00829871 /* Build configuration list for PBXNativeTarget "iosApp" */ = {
			isa = XCConfigurationList;
			buildConfigurations = (
				7555FFA6242A565B00829871 /* Debug */,
				7555FFA7242A565B00829871 /* Release */,
			);
			defaultConfigurationIsVisible = 0;
			defaultConfigurationName = Release;
		};
/* End XCConfigurationList section */
	};
	rootObject = 7555FF73242A565900829871 /* Project object */;
}
